{
  "name": "@gregrickaby/wordpress_project_starter",
  "version": "1.0.0",
  "lockfileVersion": 3,
  "requires": true,
  "packages": {
    "": {
      "name": "@gregrickaby/wordpress_project_starter",
      "version": "1.0.0",
      "license": "MIT",
      "devDependencies": {
        "@evilmartians/lefthook": "^1.2.1"
      }
    },
    "node_modules/@evilmartians/lefthook": {
      "version": "1.2.1",
      "resolved": "https://registry.npmjs.org/@evilmartians/lefthook/-/lefthook-1.2.1.tgz",
      "integrity": "sha512-MZT40t0WY1Oz0xYJTBryanmvyXblqmbAI/pHNBI6Q2415NpISqDVHBrffVEXcjAOXBeGl2TPXQr4S/Dh0ckjTg==",
      "cpu": [
        "x64",
        "arm64",
        "ia32"
      ],
      "dev": true,
      "hasInstallScript": true,
      "os": [
        "darwin",
        "linux",
        "win32"
      ],
      "bin": {
        "lefthook": "bin/index.js"
      }
    }
  }
}
